<?xml version="1.0" encoding="utf-8"?>
<Project ToolsVersion="4.0" xmlns="http://schemas.microsoft.com/developer/msbuild/2003">
  <ItemGroup>
    <Filter Include="core">
      <UniqueIdentifier>{1587a185-aaf3-44e6-a69b-a10e8fe8cf97}</UniqueIdentifier>
    </Filter>
    <Filter Include="doc">
      <UniqueIdentifier>{2998aa0e-8e00-4562-beff-0ae1a905bd01}</UniqueIdentifier>
    </Filter>
    <Filter Include="res">
      <UniqueIdentifier>{280e12b5-18f9-455c-9f75-9980f6faee8f}</UniqueIdentifier>
    </Filter>
  </ItemGroup>
  <ItemGroup>
    <ClCompile Include="core\my_basic.c">
      <Filter>core</Filter>
    </ClCompile>
    <ClCompile Include="shell\main.c" />
  </ItemGroup>
  <ItemGroup>
    <ClInclude Include="core\my_basic.h">
      <Filter>core</Filter>
    </ClInclude>
    <ClInclude Include="resource\resource.h">
      <Filter>res</Filter>
    </ClInclude>
  </ItemGroup>
  <ItemGroup>
    <None Include="HISTORY">
      <Filter>doc</Filter>
    </None>
    <None Include="LICENSE">
      <Filter>doc</Filter>
    </None>
    <None Include="MY-BASIC Quick Reference.pdf">
      <Filter>doc</Filter>
    </None>
    <None Include="README.md">
      <Filter>doc</Filter>
    </None>
  </ItemGroup>
  <ItemGroup>
    <Image Include="resource\icon.ico">
      <Filter>res</Filter>
    </Image>
  </ItemGroup>
  <ItemGroup>
    <ResourceCompile Include="resource\my_basic.rc">
      <Filter>res</Filter>
    </ResourceCompile>
  </ItemGroup>
</Project>